
Microsoft Visual Studio Solution File, Format Version 12.00
# Visual Studio Version 17
VisualStudioVersion = 17.9.34723.18
MinimumVisualStudioVersion = 10.0.40219.1
Project("{FAE04EC0-301F-11D3-BF4B-00C04F79EFBC}") = "RoutingSectionAssignment", "RoutingSectionAssignment\RoutingSectionAssignment.csproj", "{F46A244D-FB7A-4207-B0C1-503C4435E11F}"
EndProject
Global
	GlobalSection(SolutionConfigurationPlatforms) = preSolution
		Debug|Any CPU = Debug|Any CPU
		Release|Any CPU = Release|Any CPU
	EndGlobalSection
	GlobalSection(ProjectConfigurationPlatforms) = postSolution
		{F46A244D-FB7A-4207-B0C1-503C4435E11F}.Debug|Any CPU.ActiveCfg = Debug|Any CPU
		{F46A244D-FB7A-4207-B0C1-503C4435E11F}.Debug|Any CPU.Build.0 = Debug|Any CPU
		{F46A244D-FB7A-4207-B0C1-503C4435E11F}.Release|Any CPU.ActiveCfg = Release|Any CPU
		{F46A244D-FB7A-4207-B0C1-503C4435E11F}.Release|Any CPU.Build.0 = Release|Any CPU
	EndGlobalSection
	GlobalSection(SolutionProperties) = preSolution
		HideSolutionNode = FALSE
	EndGlobalSection
	GlobalSection(ExtensibilityGlobals) = postSolution
		SolutionGuid = {79DDFCEC-B70B-4C59-9C5D-3FE250404045}
	EndGlobalSection
EndGlobal
